
Microsoft Visual Studio Solution File, Format Version 12.00
# Visual Studio Version 16
VisualStudioVersion = 16.0.30503.244
MinimumVisualStudioVersion = 10.0.40219.1
Project("{9A19103F-16F7-4668-BE54-9A1E7A4F7556}") = "MoodAnalyzerMSUnitTest", "MoodAnalyzerMSUnitTest\MoodAnalyzerMSUnitTest.csproj", "{ACFDC360-311C-4FA1-A59A-845D43E12173}"
EndProject
Project("{FAE04EC0-301F-11D3-BF4B-00C04F79EFBC}") = "MoodAnalyserTest", "MoodAnalyserTest\MoodAnalyserTest.csproj", "{9071B7BB-812B-4A02-AD9D-C82EC7D039B2}"
EndProject
Global
	GlobalSection(SolutionConfigurationPlatforms) = preSolution
		Debug|Any CPU = Debug|Any CPU
		Release|Any CPU = Release|Any CPU
	EndGlobalSection
	GlobalSection(ProjectConfigurationPlatforms) = postSolution
		{ACFDC360-311C-4FA1-A59A-845D43E12173}.Debug|Any CPU.ActiveCfg = Debug|Any CPU
		{ACFDC360-311C-4FA1-A59A-845D43E12173}.Debug|Any CPU.Build.0 = Debug|Any CPU
		{ACFDC360-311C-4FA1-A59A-845D43E12173}.Release|Any CPU.ActiveCfg = Release|Any CPU
		{ACFDC360-311C-4FA1-A59A-845D43E12173}.Release|Any CPU.Build.0 = Release|Any CPU
		{9071B7BB-812B-4A02-AD9D-C82EC7D039B2}.Debug|Any CPU.ActiveCfg = Debug|Any CPU
		{9071B7BB-812B-4A02-AD9D-C82EC7D039B2}.Debug|Any CPU.Build.0 = Debug|Any CPU
		{9071B7BB-812B-4A02-AD9D-C82EC7D039B2}.Release|Any CPU.ActiveCfg = Release|Any CPU
		{9071B7BB-812B-4A02-AD9D-C82EC7D039B2}.Release|Any CPU.Build.0 = Release|Any CPU
	EndGlobalSection
	GlobalSection(SolutionProperties) = preSolution
		HideSolutionNode = FALSE
	EndGlobalSection
	GlobalSection(ExtensibilityGlobals) = postSolution
		SolutionGuid = {6A8279F3-3DD1-45ED-8E79-66E610134C9D}
	EndGlobalSection
EndGlobal
